
Microsoft Visual Studio Solution File, Format Version 12.00
# Visual Studio Version 16
VisualStudioVersion = 16.0.31005.135
MinimumVisualStudioVersion = 10.0.40219.1
Project("{FAE04EC0-301F-11D3-BF4B-00C04F79EFBC}") = "HW04.Task4", "HW04.Task4\HW04.Task4.csproj", "{398B8C47-64E4-412E-B78D-EE18A3AA4AA3}"
EndProject
Global
	GlobalSection(SolutionConfigurationPlatforms) = preSolution
		Debug|Any CPU = Debug|Any CPU
		Release|Any CPU = Release|Any CPU
	EndGlobalSection
	GlobalSection(ProjectConfigurationPlatforms) = postSolution
		{398B8C47-64E4-412E-B78D-EE18A3AA4AA3}.Debug|Any CPU.ActiveCfg = Debug|Any CPU
		{398B8C47-64E4-412E-B78D-EE18A3AA4AA3}.Debug|Any CPU.Build.0 = Debug|Any CPU
		{398B8C47-64E4-412E-B78D-EE18A3AA4AA3}.Release|Any CPU.ActiveCfg = Release|Any CPU
		{398B8C47-64E4-412E-B78D-EE18A3AA4AA3}.Release|Any CPU.Build.0 = Release|Any CPU
	EndGlobalSection
	GlobalSection(SolutionProperties) = preSolution
		HideSolutionNode = FALSE
	EndGlobalSection
	GlobalSection(ExtensibilityGlobals) = postSolution
		SolutionGuid = {EE48382D-42C2-44AC-A8BB-989341CD3F2B}
	EndGlobalSection
EndGlobal
