
Microsoft Visual Studio Solution File, Format Version 12.00
# Visual Studio Version 16
VisualStudioVersion = 16.0.31005.135
MinimumVisualStudioVersion = 10.0.40219.1
Project("{FAE04EC0-301F-11D3-BF4B-00C04F79EFBC}") = "HW.05.Task3", "HW.05.Task3\HW.05.Task3.csproj", "{7333EEC9-EF82-45C7-829C-E2D118EC2FB3}"
EndProject
Global
	GlobalSection(SolutionConfigurationPlatforms) = preSolution
		Debug|Any CPU = Debug|Any CPU
		Release|Any CPU = Release|Any CPU
	EndGlobalSection
	GlobalSection(ProjectConfigurationPlatforms) = postSolution
		{7333EEC9-EF82-45C7-829C-E2D118EC2FB3}.Debug|Any CPU.ActiveCfg = Debug|Any CPU
		{7333EEC9-EF82-45C7-829C-E2D118EC2FB3}.Debug|Any CPU.Build.0 = Debug|Any CPU
		{7333EEC9-EF82-45C7-829C-E2D118EC2FB3}.Release|Any CPU.ActiveCfg = Release|Any CPU
		{7333EEC9-EF82-45C7-829C-E2D118EC2FB3}.Release|Any CPU.Build.0 = Release|Any CPU
	EndGlobalSection
	GlobalSection(SolutionProperties) = preSolution
		HideSolutionNode = FALSE
	EndGlobalSection
	GlobalSection(ExtensibilityGlobals) = postSolution
		SolutionGuid = {324C15C6-C08E-4D1E-8BAF-E55DE1C2F89E}
	EndGlobalSection
EndGlobal
