
Microsoft Visual Studio Solution File, Format Version 12.00
# Visual Studio Version 16
VisualStudioVersion = 16.0.31005.135
MinimumVisualStudioVersion = 10.0.40219.1
Project("{FAE04EC0-301F-11D3-BF4B-00C04F79EFBC}") = "HW04.Task5", "HW04.Task5\HW04.Task5.csproj", "{743D5BD3-6D93-4FEF-85F6-4911A1DDB891}"
EndProject
Global
	GlobalSection(SolutionConfigurationPlatforms) = preSolution
		Debug|Any CPU = Debug|Any CPU
		Release|Any CPU = Release|Any CPU
	EndGlobalSection
	GlobalSection(ProjectConfigurationPlatforms) = postSolution
		{743D5BD3-6D93-4FEF-85F6-4911A1DDB891}.Debug|Any CPU.ActiveCfg = Debug|Any CPU
		{743D5BD3-6D93-4FEF-85F6-4911A1DDB891}.Debug|Any CPU.Build.0 = Debug|Any CPU
		{743D5BD3-6D93-4FEF-85F6-4911A1DDB891}.Release|Any CPU.ActiveCfg = Release|Any CPU
		{743D5BD3-6D93-4FEF-85F6-4911A1DDB891}.Release|Any CPU.Build.0 = Release|Any CPU
	EndGlobalSection
	GlobalSection(SolutionProperties) = preSolution
		HideSolutionNode = FALSE
	EndGlobalSection
	GlobalSection(ExtensibilityGlobals) = postSolution
		SolutionGuid = {4390528C-467E-4E84-B094-0EE7F9704DCB}
	EndGlobalSection
EndGlobal
