
Microsoft Visual Studio Solution File, Format Version 12.00
# Visual Studio Version 16
VisualStudioVersion = 16.0.31019.35
MinimumVisualStudioVersion = 10.0.40219.1
Project("{FAE04EC0-301F-11D3-BF4B-00C04F79EFBC}") = "Task_1", "Task_1\Task_1.csproj", "{494379EE-5942-42AE-A8A7-83E28D669ED9}"
EndProject
Global
	GlobalSection(SolutionConfigurationPlatforms) = preSolution
		Debug|Any CPU = Debug|Any CPU
		Release|Any CPU = Release|Any CPU
	EndGlobalSection
	GlobalSection(ProjectConfigurationPlatforms) = postSolution
		{494379EE-5942-42AE-A8A7-83E28D669ED9}.Debug|Any CPU.ActiveCfg = Debug|Any CPU
		{494379EE-5942-42AE-A8A7-83E28D669ED9}.Debug|Any CPU.Build.0 = Debug|Any CPU
		{494379EE-5942-42AE-A8A7-83E28D669ED9}.Release|Any CPU.ActiveCfg = Release|Any CPU
		{494379EE-5942-42AE-A8A7-83E28D669ED9}.Release|Any CPU.Build.0 = Release|Any CPU
	EndGlobalSection
	GlobalSection(SolutionProperties) = preSolution
		HideSolutionNode = FALSE
	EndGlobalSection
	GlobalSection(ExtensibilityGlobals) = postSolution
		SolutionGuid = {A4601C9B-4FCE-4F64-A13A-AAD06C910E73}
	EndGlobalSection
EndGlobal
