
Microsoft Visual Studio Solution File, Format Version 12.00
# Visual Studio Version 16
VisualStudioVersion = 16.0.31019.35
MinimumVisualStudioVersion = 10.0.40219.1
Project("{FAE04EC0-301F-11D3-BF4B-00C04F79EFBC}") = "HW_07_task4", "HW_07_task4\HW_07_task4.csproj", "{BD6FE1C2-8C24-4BC9-BB50-B3C941161D03}"
EndProject
Global
	GlobalSection(SolutionConfigurationPlatforms) = preSolution
		Debug|Any CPU = Debug|Any CPU
		Release|Any CPU = Release|Any CPU
	EndGlobalSection
	GlobalSection(ProjectConfigurationPlatforms) = postSolution
		{BD6FE1C2-8C24-4BC9-BB50-B3C941161D03}.Debug|Any CPU.ActiveCfg = Debug|Any CPU
		{BD6FE1C2-8C24-4BC9-BB50-B3C941161D03}.Debug|Any CPU.Build.0 = Debug|Any CPU
		{BD6FE1C2-8C24-4BC9-BB50-B3C941161D03}.Release|Any CPU.ActiveCfg = Release|Any CPU
		{BD6FE1C2-8C24-4BC9-BB50-B3C941161D03}.Release|Any CPU.Build.0 = Release|Any CPU
	EndGlobalSection
	GlobalSection(SolutionProperties) = preSolution
		HideSolutionNode = FALSE
	EndGlobalSection
	GlobalSection(ExtensibilityGlobals) = postSolution
		SolutionGuid = {E115537C-8764-484D-AE2C-3B194B708B98}
	EndGlobalSection
EndGlobal
